
Microsoft Visual Studio Solution File, Format Version 12.00
# Visual Studio 2012
Project("{FAE04EC0-301F-11D3-BF4B-00C04F79EFBC}") = "DataflowPipeline", "DataflowPipeline\DataflowPipeline.csproj", "{A415A7E8-C00A-435C-8C6B-94BE07E3B745}"
EndProject
Global
	GlobalSection(SolutionConfigurationPlatforms) = preSolution
		Debug|Any CPU = Debug|Any CPU
		Release|Any CPU = Release|Any CPU
	EndGlobalSection
	GlobalSection(ProjectConfigurationPlatforms) = postSolution
		{A415A7E8-C00A-435C-8C6B-94BE07E3B745}.Debug|Any CPU.ActiveCfg = Debug|Any CPU
		{A415A7E8-C00A-435C-8C6B-94BE07E3B745}.Debug|Any CPU.Build.0 = Debug|Any CPU
		{A415A7E8-C00A-435C-8C6B-94BE07E3B745}.Release|Any CPU.ActiveCfg = Release|Any CPU
		{A415A7E8-C00A-435C-8C6B-94BE07E3B745}.Release|Any CPU.Build.0 = Release|Any CPU
	EndGlobalSection
	GlobalSection(SolutionProperties) = preSolution
		HideSolutionNode = FALSE
	EndGlobalSection
EndGlobal
