
Microsoft Visual Studio Solution File, Format Version 12.00
# Visual Studio 14
VisualStudioVersion = 14.0.23107.0
MinimumVisualStudioVersion = 10.0.40219.1
Project("{F2A71F9B-5D33-465A-A702-920D77279786}") = "StreamsCps", "StreamsCps\StreamsCps.fsproj", "{0876F9F0-BF90-41C2-9A02-9B46E9703893}"
EndProject
Project("{F2A71F9B-5D33-465A-A702-920D77279786}") = "LinqOptimizer.FSharp", "..\LinqOptimizer\src\LinqOptimizer.FSharp\LinqOptimizer.FSharp.fsproj", "{5C5FE9F9-91DF-44E2-A68D-B9A49828E0BB}"
EndProject
Project("{FAE04EC0-301F-11D3-BF4B-00C04F79EFBC}") = "LinqOptimizer.Base", "..\LinqOptimizer\src\LinqOptimizer.Base\LinqOptimizer.Base.csproj", "{F21F83A3-BDBD-4965-87D6-94E65A069A7B}"
EndProject
Project("{F2A71F9B-5D33-465A-A702-920D77279786}") = "LinqOptimizer.Core", "..\LinqOptimizer\src\LinqOptimizer.Core\LinqOptimizer.Core.fsproj", "{6FEA9D47-1291-40CE-9716-619BCC2F485A}"
EndProject
Project("{FAE04EC0-301F-11D3-BF4B-00C04F79EFBC}") = "LinqOptimizer.CSharp", "..\LinqOptimizer\src\LinqOptimizer.CSharp\LinqOptimizer.CSharp.csproj", "{E606C2C2-C219-4E51-B928-5B192E283A54}"
EndProject
Project("{2150E333-8FDC-42A3-9474-1A3956D46DE8}") = "LinqOptimizer", "LinqOptimizer", "{718A1E6D-626E-458C-B673-3D522FEB61BE}"
EndProject
Project("{F2A71F9B-5D33-465A-A702-920D77279786}") = "Streams.Core", "..\Streams\src\Streams.Core\Streams.Core.fsproj", "{F3482666-F39C-4F49-8D0B-3583328D2C42}"
EndProject
Project("{FAE04EC0-301F-11D3-BF4B-00C04F79EFBC}") = "Streams.CSharp", "..\Streams\src\Streams.CSharp\Streams.CSharp.csproj", "{E6852495-8012-4694-BC0F-A5376CD84B1F}"
EndProject
Project("{2150E333-8FDC-42A3-9474-1A3956D46DE8}") = "Streams", "Streams", "{FCA1D757-84F3-4D4F-A8A2-03748E9C1092}"
EndProject
Project("{2150E333-8FDC-42A3-9474-1A3956D46DE8}") = ".nuget", ".nuget", "{E3DC6146-B136-41D1-B7CE-071D553A5EC0}"
	ProjectSection(SolutionItems) = preProject
		.nuget\NuGet.Config = .nuget\NuGet.Config
		.nuget\NuGet.exe = .nuget\NuGet.exe
		.nuget\NuGet.targets = .nuget\NuGet.targets
	EndProjectSection
EndProject
Project("{F2A71F9B-5D33-465A-A702-920D77279786}") = "LinqOptimizer.Tests.FSharp", "..\LinqOptimizer\tests\LinqOptimizer.Tests.FSharp\LinqOptimizer.Tests.FSharp.fsproj", "{38A228D2-764C-4103-9AC2-58452630CBA2}"
EndProject
Project("{FAE04EC0-301F-11D3-BF4B-00C04F79EFBC}") = "LinqOptimizer.Tests.CSharp", "..\LinqOptimizer\tests\LinqOptimizer.Tests.CSharp\LinqOptimizer.Tests.CSharp.csproj", "{1E812A89-C8F1-463E-8E1E-765389A0A4BC}"
EndProject
Project("{F2A71F9B-5D33-465A-A702-920D77279786}") = "Streams.Tests", "..\Streams\tests\Streams.Tests\Streams.Tests.fsproj", "{8038FF4D-0D3C-413A-AF87-35C7F905D117}"
EndProject
Project("{FAE04EC0-301F-11D3-BF4B-00C04F79EFBC}") = "Streams.Tests.CSharp", "..\Streams\tests\Streams.Tests.CSharp\Streams.Tests.CSharp.csproj", "{6234FB0D-8ED6-4EA6-9B32-649EE9ED9FD1}"
EndProject
Project("{F2A71F9B-5D33-465A-A702-920D77279786}") = "PerfUtil", "..\PerfUtil\PerfUtil\PerfUtil.fsproj", "{D148AEF9-3CE1-46BC-B359-1B9051C5ACCE}"
EndProject
Project("{FAE04EC0-301F-11D3-BF4B-00C04F79EFBC}") = "ClashOfLambdas", "ClashOfLambdas\ClashOfLambdas.csproj", "{C63B887E-51AA-4020-A944-EF139DEF761D}"
EndProject
Project("{FAE04EC0-301F-11D3-BF4B-00C04F79EFBC}") = "LambdaMicrobenchmarking", "..\LambdaMicrobenchmarking\LambdaMicrobenchmarking\LambdaMicrobenchmarking.csproj", "{0F43ED72-BE81-4763-B104-BFE43A387F0E}"
EndProject
Project("{F2A71F9B-5D33-465A-A702-920D77279786}") = "ClashOfLambdasFS", "ClashOfLambdasFS\ClashOfLambdasFS.fsproj", "{F7BFB60A-4D4C-4E2E-BC95-E7CE3967066A}"
EndProject
Global
	GlobalSection(SolutionConfigurationPlatforms) = preSolution
		Debug|Any CPU = Debug|Any CPU
		Debug|x64 = Debug|x64
		Debug|x86 = Debug|x86
		Release|Any CPU = Release|Any CPU
		Release|x64 = Release|x64
		Release|x86 = Release|x86
		Release-Mono|Any CPU = Release-Mono|Any CPU
		Release-Mono|x64 = Release-Mono|x64
		Release-Mono|x86 = Release-Mono|x86
	EndGlobalSection
	GlobalSection(ProjectConfigurationPlatforms) = postSolution
		{0876F9F0-BF90-41C2-9A02-9B46E9703893}.Debug|Any CPU.ActiveCfg = Debug|Any CPU
		{0876F9F0-BF90-41C2-9A02-9B46E9703893}.Debug|Any CPU.Build.0 = Debug|Any CPU
		{0876F9F0-BF90-41C2-9A02-9B46E9703893}.Debug|x64.ActiveCfg = Debug|Any CPU
		{0876F9F0-BF90-41C2-9A02-9B46E9703893}.Debug|x64.Build.0 = Debug|Any CPU
		{0876F9F0-BF90-41C2-9A02-9B46E9703893}.Debug|x86.ActiveCfg = Debug|Any CPU
		{0876F9F0-BF90-41C2-9A02-9B46E9703893}.Debug|x86.Build.0 = Debug|Any CPU
		{0876F9F0-BF90-41C2-9A02-9B46E9703893}.Release|Any CPU.ActiveCfg = Release|Any CPU
		{0876F9F0-BF90-41C2-9A02-9B46E9703893}.Release|Any CPU.Build.0 = Release|Any CPU
		{0876F9F0-BF90-41C2-9A02-9B46E9703893}.Release|x64.ActiveCfg = Release|Any CPU
		{0876F9F0-BF90-41C2-9A02-9B46E9703893}.Release|x64.Build.0 = Release|Any CPU
		{0876F9F0-BF90-41C2-9A02-9B46E9703893}.Release|x86.ActiveCfg = Release|Any CPU
		{0876F9F0-BF90-41C2-9A02-9B46E9703893}.Release|x86.Build.0 = Release|Any CPU
		{0876F9F0-BF90-41C2-9A02-9B46E9703893}.Release-Mono|Any CPU.ActiveCfg = Release|Any CPU
		{0876F9F0-BF90-41C2-9A02-9B46E9703893}.Release-Mono|Any CPU.Build.0 = Release|Any CPU
		{0876F9F0-BF90-41C2-9A02-9B46E9703893}.Release-Mono|x64.ActiveCfg = Release|Any CPU
		{0876F9F0-BF90-41C2-9A02-9B46E9703893}.Release-Mono|x64.Build.0 = Release|Any CPU
		{0876F9F0-BF90-41C2-9A02-9B46E9703893}.Release-Mono|x86.ActiveCfg = Release|Any CPU
		{0876F9F0-BF90-41C2-9A02-9B46E9703893}.Release-Mono|x86.Build.0 = Release|Any CPU
		{5C5FE9F9-91DF-44E2-A68D-B9A49828E0BB}.Debug|Any CPU.ActiveCfg = Debug|Any CPU
		{5C5FE9F9-91DF-44E2-A68D-B9A49828E0BB}.Debug|Any CPU.Build.0 = Debug|Any CPU
		{5C5FE9F9-91DF-44E2-A68D-B9A49828E0BB}.Debug|x64.ActiveCfg = Debug|Any CPU
		{5C5FE9F9-91DF-44E2-A68D-B9A49828E0BB}.Debug|x64.Build.0 = Debug|Any CPU
		{5C5FE9F9-91DF-44E2-A68D-B9A49828E0BB}.Debug|x86.ActiveCfg = Debug|Any CPU
		{5C5FE9F9-91DF-44E2-A68D-B9A49828E0BB}.Debug|x86.Build.0 = Debug|Any CPU
		{5C5FE9F9-91DF-44E2-A68D-B9A49828E0BB}.Release|Any CPU.ActiveCfg = Release|Any CPU
		{5C5FE9F9-91DF-44E2-A68D-B9A49828E0BB}.Release|Any CPU.Build.0 = Release|Any CPU
		{5C5FE9F9-91DF-44E2-A68D-B9A49828E0BB}.Release|x64.ActiveCfg = Release|Any CPU
		{5C5FE9F9-91DF-44E2-A68D-B9A49828E0BB}.Release|x64.Build.0 = Release|Any CPU
		{5C5FE9F9-91DF-44E2-A68D-B9A49828E0BB}.Release|x86.ActiveCfg = Release|Any CPU
		{5C5FE9F9-91DF-44E2-A68D-B9A49828E0BB}.Release|x86.Build.0 = Release|Any CPU
		{5C5FE9F9-91DF-44E2-A68D-B9A49828E0BB}.Release-Mono|Any CPU.ActiveCfg = Release|Any CPU
		{5C5FE9F9-91DF-44E2-A68D-B9A49828E0BB}.Release-Mono|Any CPU.Build.0 = Release|Any CPU
		{5C5FE9F9-91DF-44E2-A68D-B9A49828E0BB}.Release-Mono|x64.ActiveCfg = Release|Any CPU
		{5C5FE9F9-91DF-44E2-A68D-B9A49828E0BB}.Release-Mono|x64.Build.0 = Release|Any CPU
		{5C5FE9F9-91DF-44E2-A68D-B9A49828E0BB}.Release-Mono|x86.ActiveCfg = Release|Any CPU
		{5C5FE9F9-91DF-44E2-A68D-B9A49828E0BB}.Release-Mono|x86.Build.0 = Release|Any CPU
		{F21F83A3-BDBD-4965-87D6-94E65A069A7B}.Debug|Any CPU.ActiveCfg = Debug|Any CPU
		{F21F83A3-BDBD-4965-87D6-94E65A069A7B}.Debug|Any CPU.Build.0 = Debug|Any CPU
		{F21F83A3-BDBD-4965-87D6-94E65A069A7B}.Debug|x64.ActiveCfg = Debug|Any CPU
		{F21F83A3-BDBD-4965-87D6-94E65A069A7B}.Debug|x64.Build.0 = Debug|Any CPU
		{F21F83A3-BDBD-4965-87D6-94E65A069A7B}.Debug|x86.ActiveCfg = Debug|Any CPU
		{F21F83A3-BDBD-4965-87D6-94E65A069A7B}.Debug|x86.Build.0 = Debug|Any CPU
		{F21F83A3-BDBD-4965-87D6-94E65A069A7B}.Release|Any CPU.ActiveCfg = Release|Any CPU
		{F21F83A3-BDBD-4965-87D6-94E65A069A7B}.Release|Any CPU.Build.0 = Release|Any CPU
		{F21F83A3-BDBD-4965-87D6-94E65A069A7B}.Release|x64.ActiveCfg = Release|Any CPU
		{F21F83A3-BDBD-4965-87D6-94E65A069A7B}.Release|x64.Build.0 = Release|Any CPU
		{F21F83A3-BDBD-4965-87D6-94E65A069A7B}.Release|x86.ActiveCfg = Release|Any CPU
		{F21F83A3-BDBD-4965-87D6-94E65A069A7B}.Release|x86.Build.0 = Release|Any CPU
		{F21F83A3-BDBD-4965-87D6-94E65A069A7B}.Release-Mono|Any CPU.ActiveCfg = Release|Any CPU
		{F21F83A3-BDBD-4965-87D6-94E65A069A7B}.Release-Mono|Any CPU.Build.0 = Release|Any CPU
		{F21F83A3-BDBD-4965-87D6-94E65A069A7B}.Release-Mono|x64.ActiveCfg = Release|Any CPU
		{F21F83A3-BDBD-4965-87D6-94E65A069A7B}.Release-Mono|x64.Build.0 = Release|Any CPU
		{F21F83A3-BDBD-4965-87D6-94E65A069A7B}.Release-Mono|x86.ActiveCfg = Release|Any CPU
		{F21F83A3-BDBD-4965-87D6-94E65A069A7B}.Release-Mono|x86.Build.0 = Release|Any CPU
		{6FEA9D47-1291-40CE-9716-619BCC2F485A}.Debug|Any CPU.ActiveCfg = Debug|Any CPU
		{6FEA9D47-1291-40CE-9716-619BCC2F485A}.Debug|Any CPU.Build.0 = Debug|Any CPU
		{6FEA9D47-1291-40CE-9716-619BCC2F485A}.Debug|x64.ActiveCfg = Debug|Any CPU
		{6FEA9D47-1291-40CE-9716-619BCC2F485A}.Debug|x64.Build.0 = Debug|Any CPU
		{6FEA9D47-1291-40CE-9716-619BCC2F485A}.Debug|x86.ActiveCfg = Debug|Any CPU
		{6FEA9D47-1291-40CE-9716-619BCC2F485A}.Debug|x86.Build.0 = Debug|Any CPU
		{6FEA9D47-1291-40CE-9716-619BCC2F485A}.Release|Any CPU.ActiveCfg = Release|Any CPU
		{6FEA9D47-1291-40CE-9716-619BCC2F485A}.Release|Any CPU.Build.0 = Release|Any CPU
		{6FEA9D47-1291-40CE-9716-619BCC2F485A}.Release|x64.ActiveCfg = Release|Any CPU
		{6FEA9D47-1291-40CE-9716-619BCC2F485A}.Release|x64.Build.0 = Release|Any CPU
		{6FEA9D47-1291-40CE-9716-619BCC2F485A}.Release|x86.ActiveCfg = Release|Any CPU
		{6FEA9D47-1291-40CE-9716-619BCC2F485A}.Release|x86.Build.0 = Release|Any CPU
		{6FEA9D47-1291-40CE-9716-619BCC2F485A}.Release-Mono|Any CPU.ActiveCfg = Release|Any CPU
		{6FEA9D47-1291-40CE-9716-619BCC2F485A}.Release-Mono|Any CPU.Build.0 = Release|Any CPU
		{6FEA9D47-1291-40CE-9716-619BCC2F485A}.Release-Mono|x64.ActiveCfg = Release|Any CPU
		{6FEA9D47-1291-40CE-9716-619BCC2F485A}.Release-Mono|x64.Build.0 = Release|Any CPU
		{6FEA9D47-1291-40CE-9716-619BCC2F485A}.Release-Mono|x86.ActiveCfg = Release|Any CPU
		{6FEA9D47-1291-40CE-9716-619BCC2F485A}.Release-Mono|x86.Build.0 = Release|Any CPU
		{E606C2C2-C219-4E51-B928-5B192E283A54}.Debug|Any CPU.ActiveCfg = Debug|Any CPU
		{E606C2C2-C219-4E51-B928-5B192E283A54}.Debug|Any CPU.Build.0 = Debug|Any CPU
		{E606C2C2-C219-4E51-B928-5B192E283A54}.Debug|x64.ActiveCfg = Debug|Any CPU
		{E606C2C2-C219-4E51-B928-5B192E283A54}.Debug|x64.Build.0 = Debug|Any CPU
		{E606C2C2-C219-4E51-B928-5B192E283A54}.Debug|x86.ActiveCfg = Debug|Any CPU
		{E606C2C2-C219-4E51-B928-5B192E283A54}.Debug|x86.Build.0 = Debug|Any CPU
		{E606C2C2-C219-4E51-B928-5B192E283A54}.Release|Any CPU.ActiveCfg = Release|Any CPU
		{E606C2C2-C219-4E51-B928-5B192E283A54}.Release|Any CPU.Build.0 = Release|Any CPU
		{E606C2C2-C219-4E51-B928-5B192E283A54}.Release|x64.ActiveCfg = Release|Any CPU
		{E606C2C2-C219-4E51-B928-5B192E283A54}.Release|x64.Build.0 = Release|Any CPU
		{E606C2C2-C219-4E51-B928-5B192E283A54}.Release|x86.ActiveCfg = Release|Any CPU
		{E606C2C2-C219-4E51-B928-5B192E283A54}.Release|x86.Build.0 = Release|Any CPU
		{E606C2C2-C219-4E51-B928-5B192E283A54}.Release-Mono|Any CPU.ActiveCfg = Release|Any CPU
		{E606C2C2-C219-4E51-B928-5B192E283A54}.Release-Mono|Any CPU.Build.0 = Release|Any CPU
		{E606C2C2-C219-4E51-B928-5B192E283A54}.Release-Mono|x64.ActiveCfg = Release|Any CPU
		{E606C2C2-C219-4E51-B928-5B192E283A54}.Release-Mono|x64.Build.0 = Release|Any CPU
		{E606C2C2-C219-4E51-B928-5B192E283A54}.Release-Mono|x86.ActiveCfg = Release|Any CPU
		{E606C2C2-C219-4E51-B928-5B192E283A54}.Release-Mono|x86.Build.0 = Release|Any CPU
		{F3482666-F39C-4F49-8D0B-3583328D2C42}.Debug|Any CPU.ActiveCfg = Debug|Any CPU
		{F3482666-F39C-4F49-8D0B-3583328D2C42}.Debug|Any CPU.Build.0 = Debug|Any CPU
		{F3482666-F39C-4F49-8D0B-3583328D2C42}.Debug|x64.ActiveCfg = Debug|Any CPU
		{F3482666-F39C-4F49-8D0B-3583328D2C42}.Debug|x64.Build.0 = Debug|Any CPU
		{F3482666-F39C-4F49-8D0B-3583328D2C42}.Debug|x86.ActiveCfg = Debug|Any CPU
		{F3482666-F39C-4F49-8D0B-3583328D2C42}.Debug|x86.Build.0 = Debug|Any CPU
		{F3482666-F39C-4F49-8D0B-3583328D2C42}.Release|Any CPU.ActiveCfg = Release|Any CPU
		{F3482666-F39C-4F49-8D0B-3583328D2C42}.Release|Any CPU.Build.0 = Release|Any CPU
		{F3482666-F39C-4F49-8D0B-3583328D2C42}.Release|x64.ActiveCfg = Release|Any CPU
		{F3482666-F39C-4F49-8D0B-3583328D2C42}.Release|x64.Build.0 = Release|Any CPU
		{F3482666-F39C-4F49-8D0B-3583328D2C42}.Release|x86.ActiveCfg = Release|Any CPU
		{F3482666-F39C-4F49-8D0B-3583328D2C42}.Release|x86.Build.0 = Release|Any CPU
		{F3482666-F39C-4F49-8D0B-3583328D2C42}.Release-Mono|Any CPU.ActiveCfg = Release|Any CPU
		{F3482666-F39C-4F49-8D0B-3583328D2C42}.Release-Mono|Any CPU.Build.0 = Release|Any CPU
		{F3482666-F39C-4F49-8D0B-3583328D2C42}.Release-Mono|x64.ActiveCfg = Release|Any CPU
		{F3482666-F39C-4F49-8D0B-3583328D2C42}.Release-Mono|x64.Build.0 = Release|Any CPU
		{F3482666-F39C-4F49-8D0B-3583328D2C42}.Release-Mono|x86.ActiveCfg = Release|Any CPU
		{F3482666-F39C-4F49-8D0B-3583328D2C42}.Release-Mono|x86.Build.0 = Release|Any CPU
		{E6852495-8012-4694-BC0F-A5376CD84B1F}.Debug|Any CPU.ActiveCfg = Debug|Any CPU
		{E6852495-8012-4694-BC0F-A5376CD84B1F}.Debug|Any CPU.Build.0 = Debug|Any CPU
		{E6852495-8012-4694-BC0F-A5376CD84B1F}.Debug|x64.ActiveCfg = Debug|Any CPU
		{E6852495-8012-4694-BC0F-A5376CD84B1F}.Debug|x64.Build.0 = Debug|Any CPU
		{E6852495-8012-4694-BC0F-A5376CD84B1F}.Debug|x86.ActiveCfg = Debug|Any CPU
		{E6852495-8012-4694-BC0F-A5376CD84B1F}.Debug|x86.Build.0 = Debug|Any CPU
		{E6852495-8012-4694-BC0F-A5376CD84B1F}.Release|Any CPU.ActiveCfg = Release|Any CPU
		{E6852495-8012-4694-BC0F-A5376CD84B1F}.Release|Any CPU.Build.0 = Release|Any CPU
		{E6852495-8012-4694-BC0F-A5376CD84B1F}.Release|x64.ActiveCfg = Release|Any CPU
		{E6852495-8012-4694-BC0F-A5376CD84B1F}.Release|x64.Build.0 = Release|Any CPU
		{E6852495-8012-4694-BC0F-A5376CD84B1F}.Release|x86.ActiveCfg = Release|Any CPU
		{E6852495-8012-4694-BC0F-A5376CD84B1F}.Release|x86.Build.0 = Release|Any CPU
		{E6852495-8012-4694-BC0F-A5376CD84B1F}.Release-Mono|Any CPU.ActiveCfg = Release|Any CPU
		{E6852495-8012-4694-BC0F-A5376CD84B1F}.Release-Mono|Any CPU.Build.0 = Release|Any CPU
		{E6852495-8012-4694-BC0F-A5376CD84B1F}.Release-Mono|x64.ActiveCfg = Release|Any CPU
		{E6852495-8012-4694-BC0F-A5376CD84B1F}.Release-Mono|x64.Build.0 = Release|Any CPU
		{E6852495-8012-4694-BC0F-A5376CD84B1F}.Release-Mono|x86.ActiveCfg = Release|Any CPU
		{E6852495-8012-4694-BC0F-A5376CD84B1F}.Release-Mono|x86.Build.0 = Release|Any CPU
		{38A228D2-764C-4103-9AC2-58452630CBA2}.Debug|Any CPU.ActiveCfg = Debug|Any CPU
		{38A228D2-764C-4103-9AC2-58452630CBA2}.Debug|Any CPU.Build.0 = Debug|Any CPU
		{38A228D2-764C-4103-9AC2-58452630CBA2}.Debug|x64.ActiveCfg = Debug|Any CPU
		{38A228D2-764C-4103-9AC2-58452630CBA2}.Debug|x64.Build.0 = Debug|Any CPU
		{38A228D2-764C-4103-9AC2-58452630CBA2}.Debug|x86.ActiveCfg = Debug|Any CPU
		{38A228D2-764C-4103-9AC2-58452630CBA2}.Debug|x86.Build.0 = Debug|Any CPU
		{38A228D2-764C-4103-9AC2-58452630CBA2}.Release|Any CPU.ActiveCfg = Release|Any CPU
		{38A228D2-764C-4103-9AC2-58452630CBA2}.Release|Any CPU.Build.0 = Release|Any CPU
		{38A228D2-764C-4103-9AC2-58452630CBA2}.Release|x64.ActiveCfg = Release|Any CPU
		{38A228D2-764C-4103-9AC2-58452630CBA2}.Release|x64.Build.0 = Release|Any CPU
		{38A228D2-764C-4103-9AC2-58452630CBA2}.Release|x86.ActiveCfg = Release|Any CPU
		{38A228D2-764C-4103-9AC2-58452630CBA2}.Release|x86.Build.0 = Release|Any CPU
		{38A228D2-764C-4103-9AC2-58452630CBA2}.Release-Mono|Any CPU.ActiveCfg = Release|Any CPU
		{38A228D2-764C-4103-9AC2-58452630CBA2}.Release-Mono|Any CPU.Build.0 = Release|Any CPU
		{38A228D2-764C-4103-9AC2-58452630CBA2}.Release-Mono|x64.ActiveCfg = Release|Any CPU
		{38A228D2-764C-4103-9AC2-58452630CBA2}.Release-Mono|x64.Build.0 = Release|Any CPU
		{38A228D2-764C-4103-9AC2-58452630CBA2}.Release-Mono|x86.ActiveCfg = Release|Any CPU
		{38A228D2-764C-4103-9AC2-58452630CBA2}.Release-Mono|x86.Build.0 = Release|Any CPU
		{1E812A89-C8F1-463E-8E1E-765389A0A4BC}.Debug|Any CPU.ActiveCfg = Debug|Any CPU
		{1E812A89-C8F1-463E-8E1E-765389A0A4BC}.Debug|Any CPU.Build.0 = Debug|Any CPU
		{1E812A89-C8F1-463E-8E1E-765389A0A4BC}.Debug|x64.ActiveCfg = Debug|Any CPU
		{1E812A89-C8F1-463E-8E1E-765389A0A4BC}.Debug|x64.Build.0 = Debug|Any CPU
		{1E812A89-C8F1-463E-8E1E-765389A0A4BC}.Debug|x86.ActiveCfg = Debug|Any CPU
		{1E812A89-C8F1-463E-8E1E-765389A0A4BC}.Debug|x86.Build.0 = Debug|Any CPU
		{1E812A89-C8F1-463E-8E1E-765389A0A4BC}.Release|Any CPU.ActiveCfg = Release|Any CPU
		{1E812A89-C8F1-463E-8E1E-765389A0A4BC}.Release|Any CPU.Build.0 = Release|Any CPU
		{1E812A89-C8F1-463E-8E1E-765389A0A4BC}.Release|x64.ActiveCfg = Release|Any CPU
		{1E812A89-C8F1-463E-8E1E-765389A0A4BC}.Release|x64.Build.0 = Release|Any CPU
		{1E812A89-C8F1-463E-8E1E-765389A0A4BC}.Release|x86.ActiveCfg = Release|Any CPU
		{1E812A89-C8F1-463E-8E1E-765389A0A4BC}.Release|x86.Build.0 = Release|Any CPU
		{1E812A89-C8F1-463E-8E1E-765389A0A4BC}.Release-Mono|Any CPU.ActiveCfg = Release-Mono|Any CPU
		{1E812A89-C8F1-463E-8E1E-765389A0A4BC}.Release-Mono|Any CPU.Build.0 = Release-Mono|Any CPU
		{1E812A89-C8F1-463E-8E1E-765389A0A4BC}.Release-Mono|x64.ActiveCfg = Release-Mono|Any CPU
		{1E812A89-C8F1-463E-8E1E-765389A0A4BC}.Release-Mono|x64.Build.0 = Release-Mono|Any CPU
		{1E812A89-C8F1-463E-8E1E-765389A0A4BC}.Release-Mono|x86.ActiveCfg = Release-Mono|Any CPU
		{1E812A89-C8F1-463E-8E1E-765389A0A4BC}.Release-Mono|x86.Build.0 = Release-Mono|Any CPU
		{8038FF4D-0D3C-413A-AF87-35C7F905D117}.Debug|Any CPU.ActiveCfg = Debug|Any CPU
		{8038FF4D-0D3C-413A-AF87-35C7F905D117}.Debug|Any CPU.Build.0 = Debug|Any CPU
		{8038FF4D-0D3C-413A-AF87-35C7F905D117}.Debug|x64.ActiveCfg = Debug|Any CPU
		{8038FF4D-0D3C-413A-AF87-35C7F905D117}.Debug|x64.Build.0 = Debug|Any CPU
		{8038FF4D-0D3C-413A-AF87-35C7F905D117}.Debug|x86.ActiveCfg = Debug|Any CPU
		{8038FF4D-0D3C-413A-AF87-35C7F905D117}.Debug|x86.Build.0 = Debug|Any CPU
		{8038FF4D-0D3C-413A-AF87-35C7F905D117}.Release|Any CPU.ActiveCfg = Release|Any CPU
		{8038FF4D-0D3C-413A-AF87-35C7F905D117}.Release|Any CPU.Build.0 = Release|Any CPU
		{8038FF4D-0D3C-413A-AF87-35C7F905D117}.Release|x64.ActiveCfg = Release|Any CPU
		{8038FF4D-0D3C-413A-AF87-35C7F905D117}.Release|x64.Build.0 = Release|Any CPU
		{8038FF4D-0D3C-413A-AF87-35C7F905D117}.Release|x86.ActiveCfg = Release|Any CPU
		{8038FF4D-0D3C-413A-AF87-35C7F905D117}.Release|x86.Build.0 = Release|Any CPU
		{8038FF4D-0D3C-413A-AF87-35C7F905D117}.Release-Mono|Any CPU.ActiveCfg = Release|Any CPU
		{8038FF4D-0D3C-413A-AF87-35C7F905D117}.Release-Mono|Any CPU.Build.0 = Release|Any CPU
		{8038FF4D-0D3C-413A-AF87-35C7F905D117}.Release-Mono|x64.ActiveCfg = Release|Any CPU
		{8038FF4D-0D3C-413A-AF87-35C7F905D117}.Release-Mono|x64.Build.0 = Release|Any CPU
		{8038FF4D-0D3C-413A-AF87-35C7F905D117}.Release-Mono|x86.ActiveCfg = Release|Any CPU
		{8038FF4D-0D3C-413A-AF87-35C7F905D117}.Release-Mono|x86.Build.0 = Release|Any CPU
		{6234FB0D-8ED6-4EA6-9B32-649EE9ED9FD1}.Debug|Any CPU.ActiveCfg = Debug|Any CPU
		{6234FB0D-8ED6-4EA6-9B32-649EE9ED9FD1}.Debug|Any CPU.Build.0 = Debug|Any CPU
		{6234FB0D-8ED6-4EA6-9B32-649EE9ED9FD1}.Debug|x64.ActiveCfg = Debug|Any CPU
		{6234FB0D-8ED6-4EA6-9B32-649EE9ED9FD1}.Debug|x64.Build.0 = Debug|Any CPU
		{6234FB0D-8ED6-4EA6-9B32-649EE9ED9FD1}.Debug|x86.ActiveCfg = Debug|Any CPU
		{6234FB0D-8ED6-4EA6-9B32-649EE9ED9FD1}.Debug|x86.Build.0 = Debug|Any CPU
		{6234FB0D-8ED6-4EA6-9B32-649EE9ED9FD1}.Release|Any CPU.ActiveCfg = Release|Any CPU
		{6234FB0D-8ED6-4EA6-9B32-649EE9ED9FD1}.Release|Any CPU.Build.0 = Release|Any CPU
		{6234FB0D-8ED6-4EA6-9B32-649EE9ED9FD1}.Release|x64.ActiveCfg = Release|Any CPU
		{6234FB0D-8ED6-4EA6-9B32-649EE9ED9FD1}.Release|x64.Build.0 = Release|Any CPU
		{6234FB0D-8ED6-4EA6-9B32-649EE9ED9FD1}.Release|x86.ActiveCfg = Release|Any CPU
		{6234FB0D-8ED6-4EA6-9B32-649EE9ED9FD1}.Release|x86.Build.0 = Release|Any CPU
		{6234FB0D-8ED6-4EA6-9B32-649EE9ED9FD1}.Release-Mono|Any CPU.ActiveCfg = Release|Any CPU
		{6234FB0D-8ED6-4EA6-9B32-649EE9ED9FD1}.Release-Mono|Any CPU.Build.0 = Release|Any CPU
		{6234FB0D-8ED6-4EA6-9B32-649EE9ED9FD1}.Release-Mono|x64.ActiveCfg = Release|Any CPU
		{6234FB0D-8ED6-4EA6-9B32-649EE9ED9FD1}.Release-Mono|x64.Build.0 = Release|Any CPU
		{6234FB0D-8ED6-4EA6-9B32-649EE9ED9FD1}.Release-Mono|x86.ActiveCfg = Release|Any CPU
		{6234FB0D-8ED6-4EA6-9B32-649EE9ED9FD1}.Release-Mono|x86.Build.0 = Release|Any CPU
		{D148AEF9-3CE1-46BC-B359-1B9051C5ACCE}.Debug|Any CPU.ActiveCfg = Debug|Any CPU
		{D148AEF9-3CE1-46BC-B359-1B9051C5ACCE}.Debug|Any CPU.Build.0 = Debug|Any CPU
		{D148AEF9-3CE1-46BC-B359-1B9051C5ACCE}.Debug|x64.ActiveCfg = Debug|Any CPU
		{D148AEF9-3CE1-46BC-B359-1B9051C5ACCE}.Debug|x64.Build.0 = Debug|Any CPU
		{D148AEF9-3CE1-46BC-B359-1B9051C5ACCE}.Debug|x86.ActiveCfg = Debug|Any CPU
		{D148AEF9-3CE1-46BC-B359-1B9051C5ACCE}.Debug|x86.Build.0 = Debug|Any CPU
		{D148AEF9-3CE1-46BC-B359-1B9051C5ACCE}.Release|Any CPU.ActiveCfg = Release|Any CPU
		{D148AEF9-3CE1-46BC-B359-1B9051C5ACCE}.Release|Any CPU.Build.0 = Release|Any CPU
		{D148AEF9-3CE1-46BC-B359-1B9051C5ACCE}.Release|x64.ActiveCfg = Release|Any CPU
		{D148AEF9-3CE1-46BC-B359-1B9051C5ACCE}.Release|x64.Build.0 = Release|Any CPU
		{D148AEF9-3CE1-46BC-B359-1B9051C5ACCE}.Release|x86.ActiveCfg = Release|Any CPU
		{D148AEF9-3CE1-46BC-B359-1B9051C5ACCE}.Release|x86.Build.0 = Release|Any CPU
		{D148AEF9-3CE1-46BC-B359-1B9051C5ACCE}.Release-Mono|Any CPU.ActiveCfg = Release|Any CPU
		{D148AEF9-3CE1-46BC-B359-1B9051C5ACCE}.Release-Mono|Any CPU.Build.0 = Release|Any CPU
		{D148AEF9-3CE1-46BC-B359-1B9051C5ACCE}.Release-Mono|x64.ActiveCfg = Release|Any CPU
		{D148AEF9-3CE1-46BC-B359-1B9051C5ACCE}.Release-Mono|x64.Build.0 = Release|Any CPU
		{D148AEF9-3CE1-46BC-B359-1B9051C5ACCE}.Release-Mono|x86.ActiveCfg = Release|Any CPU
		{D148AEF9-3CE1-46BC-B359-1B9051C5ACCE}.Release-Mono|x86.Build.0 = Release|Any CPU
		{C63B887E-51AA-4020-A944-EF139DEF761D}.Debug|Any CPU.ActiveCfg = Debug|Any CPU
		{C63B887E-51AA-4020-A944-EF139DEF761D}.Debug|Any CPU.Build.0 = Debug|Any CPU
		{C63B887E-51AA-4020-A944-EF139DEF761D}.Debug|x64.ActiveCfg = Debug|Any CPU
		{C63B887E-51AA-4020-A944-EF139DEF761D}.Debug|x64.Build.0 = Debug|Any CPU
		{C63B887E-51AA-4020-A944-EF139DEF761D}.Debug|x86.ActiveCfg = Debug|Any CPU
		{C63B887E-51AA-4020-A944-EF139DEF761D}.Debug|x86.Build.0 = Debug|Any CPU
		{C63B887E-51AA-4020-A944-EF139DEF761D}.Release|Any CPU.ActiveCfg = Release|Any CPU
		{C63B887E-51AA-4020-A944-EF139DEF761D}.Release|Any CPU.Build.0 = Release|Any CPU
		{C63B887E-51AA-4020-A944-EF139DEF761D}.Release|x64.ActiveCfg = Release|Any CPU
		{C63B887E-51AA-4020-A944-EF139DEF761D}.Release|x64.Build.0 = Release|Any CPU
		{C63B887E-51AA-4020-A944-EF139DEF761D}.Release|x86.ActiveCfg = Release|Any CPU
		{C63B887E-51AA-4020-A944-EF139DEF761D}.Release|x86.Build.0 = Release|Any CPU
		{C63B887E-51AA-4020-A944-EF139DEF761D}.Release-Mono|Any CPU.ActiveCfg = Release|Any CPU
		{C63B887E-51AA-4020-A944-EF139DEF761D}.Release-Mono|Any CPU.Build.0 = Release|Any CPU
		{C63B887E-51AA-4020-A944-EF139DEF761D}.Release-Mono|x64.ActiveCfg = Release|Any CPU
		{C63B887E-51AA-4020-A944-EF139DEF761D}.Release-Mono|x64.Build.0 = Release|Any CPU
		{C63B887E-51AA-4020-A944-EF139DEF761D}.Release-Mono|x86.ActiveCfg = Release|Any CPU
		{C63B887E-51AA-4020-A944-EF139DEF761D}.Release-Mono|x86.Build.0 = Release|Any CPU
		{0F43ED72-BE81-4763-B104-BFE43A387F0E}.Debug|Any CPU.ActiveCfg = Debug|Any CPU
		{0F43ED72-BE81-4763-B104-BFE43A387F0E}.Debug|Any CPU.Build.0 = Debug|Any CPU
		{0F43ED72-BE81-4763-B104-BFE43A387F0E}.Debug|x64.ActiveCfg = Debug|x64
		{0F43ED72-BE81-4763-B104-BFE43A387F0E}.Debug|x64.Build.0 = Debug|x64
		{0F43ED72-BE81-4763-B104-BFE43A387F0E}.Debug|x86.ActiveCfg = Debug|x86
		{0F43ED72-BE81-4763-B104-BFE43A387F0E}.Debug|x86.Build.0 = Debug|x86
		{0F43ED72-BE81-4763-B104-BFE43A387F0E}.Release|Any CPU.ActiveCfg = Release|Any CPU
		{0F43ED72-BE81-4763-B104-BFE43A387F0E}.Release|Any CPU.Build.0 = Release|Any CPU
		{0F43ED72-BE81-4763-B104-BFE43A387F0E}.Release|x64.ActiveCfg = Release|x64
		{0F43ED72-BE81-4763-B104-BFE43A387F0E}.Release|x64.Build.0 = Release|x64
		{0F43ED72-BE81-4763-B104-BFE43A387F0E}.Release|x86.ActiveCfg = Release|x86
		{0F43ED72-BE81-4763-B104-BFE43A387F0E}.Release|x86.Build.0 = Release|x86
		{0F43ED72-BE81-4763-B104-BFE43A387F0E}.Release-Mono|Any CPU.ActiveCfg = Release|Any CPU
		{0F43ED72-BE81-4763-B104-BFE43A387F0E}.Release-Mono|Any CPU.Build.0 = Release|Any CPU
		{0F43ED72-BE81-4763-B104-BFE43A387F0E}.Release-Mono|x64.ActiveCfg = Release|x64
		{0F43ED72-BE81-4763-B104-BFE43A387F0E}.Release-Mono|x64.Build.0 = Release|x64
		{0F43ED72-BE81-4763-B104-BFE43A387F0E}.Release-Mono|x86.ActiveCfg = Release|x86
		{0F43ED72-BE81-4763-B104-BFE43A387F0E}.Release-Mono|x86.Build.0 = Release|x86
		{F7BFB60A-4D4C-4E2E-BC95-E7CE3967066A}.Debug|Any CPU.ActiveCfg = Debug|Any CPU
		{F7BFB60A-4D4C-4E2E-BC95-E7CE3967066A}.Debug|Any CPU.Build.0 = Debug|Any CPU
		{F7BFB60A-4D4C-4E2E-BC95-E7CE3967066A}.Debug|x64.ActiveCfg = Debug|Any CPU
		{F7BFB60A-4D4C-4E2E-BC95-E7CE3967066A}.Debug|x64.Build.0 = Debug|Any CPU
		{F7BFB60A-4D4C-4E2E-BC95-E7CE3967066A}.Debug|x86.ActiveCfg = Debug|Any CPU
		{F7BFB60A-4D4C-4E2E-BC95-E7CE3967066A}.Debug|x86.Build.0 = Debug|Any CPU
		{F7BFB60A-4D4C-4E2E-BC95-E7CE3967066A}.Release|Any CPU.ActiveCfg = Release|Any CPU
		{F7BFB60A-4D4C-4E2E-BC95-E7CE3967066A}.Release|Any CPU.Build.0 = Release|Any CPU
		{F7BFB60A-4D4C-4E2E-BC95-E7CE3967066A}.Release|x64.ActiveCfg = Release|Any CPU
		{F7BFB60A-4D4C-4E2E-BC95-E7CE3967066A}.Release|x64.Build.0 = Release|Any CPU
		{F7BFB60A-4D4C-4E2E-BC95-E7CE3967066A}.Release|x86.ActiveCfg = Release|Any CPU
		{F7BFB60A-4D4C-4E2E-BC95-E7CE3967066A}.Release|x86.Build.0 = Release|Any CPU
		{F7BFB60A-4D4C-4E2E-BC95-E7CE3967066A}.Release-Mono|Any CPU.ActiveCfg = Release|Any CPU
		{F7BFB60A-4D4C-4E2E-BC95-E7CE3967066A}.Release-Mono|Any CPU.Build.0 = Release|Any CPU
		{F7BFB60A-4D4C-4E2E-BC95-E7CE3967066A}.Release-Mono|x64.ActiveCfg = Release|Any CPU
		{F7BFB60A-4D4C-4E2E-BC95-E7CE3967066A}.Release-Mono|x64.Build.0 = Release|Any CPU
		{F7BFB60A-4D4C-4E2E-BC95-E7CE3967066A}.Release-Mono|x86.ActiveCfg = Release|Any CPU
		{F7BFB60A-4D4C-4E2E-BC95-E7CE3967066A}.Release-Mono|x86.Build.0 = Release|Any CPU
	EndGlobalSection
	GlobalSection(SolutionProperties) = preSolution
		HideSolutionNode = FALSE
	EndGlobalSection
	GlobalSection(NestedProjects) = preSolution
		{5C5FE9F9-91DF-44E2-A68D-B9A49828E0BB} = {718A1E6D-626E-458C-B673-3D522FEB61BE}
		{F21F83A3-BDBD-4965-87D6-94E65A069A7B} = {718A1E6D-626E-458C-B673-3D522FEB61BE}
		{6FEA9D47-1291-40CE-9716-619BCC2F485A} = {718A1E6D-626E-458C-B673-3D522FEB61BE}
		{E606C2C2-C219-4E51-B928-5B192E283A54} = {718A1E6D-626E-458C-B673-3D522FEB61BE}
		{F3482666-F39C-4F49-8D0B-3583328D2C42} = {FCA1D757-84F3-4D4F-A8A2-03748E9C1092}
		{E6852495-8012-4694-BC0F-A5376CD84B1F} = {FCA1D757-84F3-4D4F-A8A2-03748E9C1092}
		{38A228D2-764C-4103-9AC2-58452630CBA2} = {718A1E6D-626E-458C-B673-3D522FEB61BE}
		{1E812A89-C8F1-463E-8E1E-765389A0A4BC} = {718A1E6D-626E-458C-B673-3D522FEB61BE}
		{8038FF4D-0D3C-413A-AF87-35C7F905D117} = {FCA1D757-84F3-4D4F-A8A2-03748E9C1092}
		{6234FB0D-8ED6-4EA6-9B32-649EE9ED9FD1} = {FCA1D757-84F3-4D4F-A8A2-03748E9C1092}
	EndGlobalSection
EndGlobal
