
Microsoft Visual Studio Solution File, Format Version 12.00
# Visual Studio 14
VisualStudioVersion = 14.0.23107.0
MinimumVisualStudioVersion = 10.0.40219.1
Project("{F2A71F9B-5D33-465A-A702-920D77279786}") = "StartingWithFSharp", "StartingWithFSharp\StartingWithFSharp.fsproj", "{2612F6D2-15B0-47B8-8716-24E72F09B1D8}"
EndProject
Project("{FAE04EC0-301F-11D3-BF4B-00C04F79EFBC}") = "FPDemoCS", "FPDemoCS\FPDemoCS.csproj", "{3BCC89DE-0181-49EE-A122-EEC7A2C9AA9F}"
EndProject
Project("{F2A71F9B-5D33-465A-A702-920D77279786}") = "InteropLib", "InteropLib\InteropLib.fsproj", "{14A87695-4661-4FA8-BD20-CF2017008A21}"
EndProject
Global
	GlobalSection(SolutionConfigurationPlatforms) = preSolution
		Debug|Any CPU = Debug|Any CPU
		Release|Any CPU = Release|Any CPU
	EndGlobalSection
	GlobalSection(ProjectConfigurationPlatforms) = postSolution
		{2612F6D2-15B0-47B8-8716-24E72F09B1D8}.Debug|Any CPU.ActiveCfg = Debug|Any CPU
		{2612F6D2-15B0-47B8-8716-24E72F09B1D8}.Debug|Any CPU.Build.0 = Debug|Any CPU
		{2612F6D2-15B0-47B8-8716-24E72F09B1D8}.Release|Any CPU.ActiveCfg = Release|Any CPU
		{2612F6D2-15B0-47B8-8716-24E72F09B1D8}.Release|Any CPU.Build.0 = Release|Any CPU
		{3BCC89DE-0181-49EE-A122-EEC7A2C9AA9F}.Debug|Any CPU.ActiveCfg = Debug|Any CPU
		{3BCC89DE-0181-49EE-A122-EEC7A2C9AA9F}.Debug|Any CPU.Build.0 = Debug|Any CPU
		{3BCC89DE-0181-49EE-A122-EEC7A2C9AA9F}.Release|Any CPU.ActiveCfg = Release|Any CPU
		{3BCC89DE-0181-49EE-A122-EEC7A2C9AA9F}.Release|Any CPU.Build.0 = Release|Any CPU
		{14A87695-4661-4FA8-BD20-CF2017008A21}.Debug|Any CPU.ActiveCfg = Debug|Any CPU
		{14A87695-4661-4FA8-BD20-CF2017008A21}.Debug|Any CPU.Build.0 = Debug|Any CPU
		{14A87695-4661-4FA8-BD20-CF2017008A21}.Release|Any CPU.ActiveCfg = Release|Any CPU
		{14A87695-4661-4FA8-BD20-CF2017008A21}.Release|Any CPU.Build.0 = Release|Any CPU
	EndGlobalSection
	GlobalSection(SolutionProperties) = preSolution
		HideSolutionNode = FALSE
	EndGlobalSection
EndGlobal
