
Microsoft Visual Studio Solution File, Format Version 12.00
# Visual Studio 2012
Project("{FAE04EC0-301F-11D3-BF4B-00C04F79EFBC}") = "AsyncProgress", "AsyncProgress\AsyncProgress.csproj", "{F87C09C5-E258-45C0-91D3-0498E72518A0}"
EndProject
Global
	GlobalSection(SolutionConfigurationPlatforms) = preSolution
		Debug|Any CPU = Debug|Any CPU
		Release|Any CPU = Release|Any CPU
	EndGlobalSection
	GlobalSection(ProjectConfigurationPlatforms) = postSolution
		{F87C09C5-E258-45C0-91D3-0498E72518A0}.Debug|Any CPU.ActiveCfg = Debug|Any CPU
		{F87C09C5-E258-45C0-91D3-0498E72518A0}.Debug|Any CPU.Build.0 = Debug|Any CPU
		{F87C09C5-E258-45C0-91D3-0498E72518A0}.Release|Any CPU.ActiveCfg = Release|Any CPU
		{F87C09C5-E258-45C0-91D3-0498E72518A0}.Release|Any CPU.Build.0 = Release|Any CPU
	EndGlobalSection
	GlobalSection(SolutionProperties) = preSolution
		HideSolutionNode = FALSE
	EndGlobalSection
EndGlobal
