
Microsoft Visual Studio Solution File, Format Version 12.00
# Visual Studio 15
VisualStudioVersion = 15.0.27004.2005
MinimumVisualStudioVersion = 10.0.40219.1
Project("{F2A71F9B-5D33-465A-A702-920D77279786}") = "FIlterExpressionPOC", "FIlterExpressionPOC\FIlterExpressionPOC.fsproj", "{0A030C17-8773-4736-939A-B8EAEB3D954B}"
EndProject
Global
	GlobalSection(SolutionConfigurationPlatforms) = preSolution
		Debug|Any CPU = Debug|Any CPU
		Debug|x64 = Debug|x64
		Release|Any CPU = Release|Any CPU
		Release|x64 = Release|x64
	EndGlobalSection
	GlobalSection(ProjectConfigurationPlatforms) = postSolution
		{0A030C17-8773-4736-939A-B8EAEB3D954B}.Debug|Any CPU.ActiveCfg = Debug|Any CPU
		{0A030C17-8773-4736-939A-B8EAEB3D954B}.Debug|Any CPU.Build.0 = Debug|Any CPU
		{0A030C17-8773-4736-939A-B8EAEB3D954B}.Debug|x64.ActiveCfg = Debug|Any CPU
		{0A030C17-8773-4736-939A-B8EAEB3D954B}.Debug|x64.Build.0 = Debug|Any CPU
		{0A030C17-8773-4736-939A-B8EAEB3D954B}.Release|Any CPU.ActiveCfg = Release|Any CPU
		{0A030C17-8773-4736-939A-B8EAEB3D954B}.Release|Any CPU.Build.0 = Release|Any CPU
		{0A030C17-8773-4736-939A-B8EAEB3D954B}.Release|x64.ActiveCfg = Release|Any CPU
		{0A030C17-8773-4736-939A-B8EAEB3D954B}.Release|x64.Build.0 = Release|Any CPU
	EndGlobalSection
	GlobalSection(SolutionProperties) = preSolution
		HideSolutionNode = FALSE
	EndGlobalSection
	GlobalSection(ExtensibilityGlobals) = postSolution
		SolutionGuid = {EDAA5298-7713-44DF-A647-9B85E849AB60}
	EndGlobalSection
EndGlobal
